dependencies:
- name: minio
  repository: https://charts.min.io/
  version: 4.0.12
- name: grafana-agent-operator
  repository: https://grafana.github.io/helm-charts
  version: 0.3.19
digest: sha256:5a254c82443cfb3f62d97f4cfefec5a443b5a48b4380dc723d61aebdf113031f
generated: "2024-03-14T18:05:52.468109763Z"
