dependencies:
- name: minio
  repository: https://charts.min.io/
  version: 5.1.0
- name: grafana-agent-operator
  repository: https://grafana.github.io/helm-charts
  version: 0.2.2
digest: sha256:ac7a7fadff74c69725e66d04bc60c762fe14b929cd7daa11f03482eb50b4497a
generated: "2024-03-14T14:51:27.075189591Z"
