dependencies:
- name: minio
  repository: https://charts.min.io/
  version: 4.1.0
- name: grafana-agent-operator
  repository: https://grafana.github.io/helm-charts
  version: 0.2.2
digest: sha256:64da6278cb00881def598b502507a074ca42293033e08d59ffd0e94cb4225b27
generated: "2024-03-14T14:50:18.565957597Z"
